
Microsoft Visual Studio Solution File, Format Version 12.00
# Visual Studio Version 16
VisualStudioVersion = 16.0.31205.134
MinimumVisualStudioVersion = 10.0.40219.1
Project("{FAE04EC0-301F-11D3-BF4B-00C04F79EFBC}") = "MultiThreadTask", "MultiThreadTask\MultiThreadTask.csproj", "{42BAB8D5-FA0A-4F15-9749-304565CF33AA}"
EndProject
Global
	GlobalSection(SolutionConfigurationPlatforms) = preSolution
		Debug|Any CPU = Debug|Any CPU
		Release|Any CPU = Release|Any CPU
	EndGlobalSection
	GlobalSection(ProjectConfigurationPlatforms) = postSolution
		{42BAB8D5-FA0A-4F15-9749-304565CF33AA}.Debug|Any CPU.ActiveCfg = Debug|Any CPU
		{42BAB8D5-FA0A-4F15-9749-304565CF33AA}.Debug|Any CPU.Build.0 = Debug|Any CPU
		{42BAB8D5-FA0A-4F15-9749-304565CF33AA}.Release|Any CPU.ActiveCfg = Release|Any CPU
		{42BAB8D5-FA0A-4F15-9749-304565CF33AA}.Release|Any CPU.Build.0 = Release|Any CPU
	EndGlobalSection
	GlobalSection(SolutionProperties) = preSolution
		HideSolutionNode = FALSE
	EndGlobalSection
	GlobalSection(ExtensibilityGlobals) = postSolution
		SolutionGuid = {05725E26-7E01-49FE-B81F-5453FF85C1EB}
	EndGlobalSection
EndGlobal
